{
  "name": "travel-processor",
  "version": "1.0.0",
  "lockfileVersion": 3,
  "requires": true,
  "packages": {
    "": {
      "name": "travel-processor",
      "version": "1.0.0",
      "devDependencies": {
        "@sap/ux-ui5-tooling": "1"
      },
      "engines": {
        "node": ">=18"
      }
    },
    "node_modules/@sap/ux-ui5-tooling": {
      "version": "1.27.0",
      "resolved": "https://registry.npmjs.org/@sap/ux-ui5-tooling/-/ux-ui5-tooling-1.27.0.tgz",
      "integrity": "sha512-nQXBBiYViIz7TypaapfwV69NKpsbu1lRNtqSVojdTIhAk4wezI65FqmP7qgIrNF4bYiEoeemMAHCA2b3tizqXQ==",
      "dev": true,
      "license": "SEE LICENSE IN LICENSE",
      "bin": {
        "fiori": "bin/fiori.cjs"
      }
    }
  }
}
